<?xml version="1.0" encoding="UTF-8" standalone="yes" ?>
<CodeBlocks_project_file>
	<FileVersion major="1" minor="6" />
	<Project>
		<Option title="SDLTest" />
		<Option pch_mode="2" />
		<Option compiler="gcc" />
		<Build>
			<Target title="Debug">
				<Option output="bin/Debug/SDLTest" prefix_auto="1" extension_auto="1" />
				<Option object_output="obj/Debug/" />
				<Option type="1" />
				<Option compiler="gcc" />
				<Compiler>
					<Add option="-g" />
				</Compiler>
				<Linker>
					<Add library="../../../../../usr/lib/libSDL.so" />
				</Linker>
			</Target>
			<Target title="Release">
				<Option output="bin/Release/SDLTest" prefix_auto="1" extension_auto="1" />
				<Option object_output="obj/Release/" />
				<Option type="1" />
				<Option compiler="gcc" />
				<Compiler>
					<Add option="-O2" />
				</Compiler>
				<Linker>
					<Add option="-s" />
				</Linker>
			</Target>
		</Build>
		<Compiler>
			<Add option="-Wall" />
		</Compiler>
		<Unit filename="CApp.cpp">
			<Option target="Debug" />
		</Unit>
		<Unit filename="CApp.h">
			<Option target="Debug" />
		</Unit>
		<Unit filename="CApp_OnCleanup.cpp">
			<Option target="Debug" />
		</Unit>
		<Unit filename="CApp_OnEvent.cpp">
			<Option target="Debug" />
		</Unit>
		<Unit filename="CApp_OnInit.cpp">
			<Option target="Debug" />
		</Unit>
		<Unit filename="CApp_OnLoop.cpp">
			<Option target="Debug" />
		</Unit>
		<Unit filename="CApp_OnRender.cpp">
			<Option target="Debug" />
		</Unit>
		<Unit filename="CEvent.cpp">
			<Option target="Debug" />
		</Unit>
		<Unit filename="CEvent.h">
			<Option target="Debug" />
		</Unit>
		<Unit filename="CSurface.cpp">
			<Option target="Debug" />
		</Unit>
		<Unit filename="CSurface.h">
			<Option target="Debug" />
		</Unit>
		<Extensions>
			<code_completion />
			<debugger />
		</Extensions>
	</Project>
</CodeBlocks_project_file>
